// !$*UTF8*$!
{
	archiveVersion = 1;
	classes = {
	};
	objectVersion = 50;
	objects = {

/* Begin PBXBuildFile section */
		92071D82247416D1002B0165 /* AppDelegate.m in Sources */ = {isa = PBXBuildFile; fileRef = 92071D81247416D1002B0165 /* AppDelegate.m */; };
		92071D85247416D1002B0165 /* ViewController.m in Sources */ = {isa = PBXBuildFile; fileRef = 92071D84247416D1002B0165 /* ViewController.m */; };
		92071D88247416D1002B0165 /* PAHExample.xcdatamodeld in Sources */ = {isa = PBXBuildFile; fileRef = 92071D86247416D1002B0165 /* PAHExample.xcdatamodeld */; };
		92071D8A247416D2002B0165 /* Assets.xcassets in Resources */ = {isa = PBXBuildFile; fileRef = 92071D89247416D2002B0165 /* Assets.xcassets */; };
		92071D8D247416D2002B0165 /* Main.storyboard in Resources */ = {isa = PBXBuildFile; fileRef = 92071D8B247416D2002B0165 /* Main.storyboard */; };
		92071D90247416D2002B0165 /* main.m in Sources */ = {isa = PBXBuildFile; fileRef = 92071D8F247416D2002B0165 /* main.m */; };
/* End PBXBuildFile section */

/* Begin PBXFileReference section */
		92071D7D247416D1002B0165 /* PAHExample.app */ = {isa = PBXFileReference; explicitFileType = wrapper.application; includeInIndex = 0; path = PAHExample.app; sourceTree = BUILT_PRODUCTS_DIR; };
		92071D80247416D1002B0165 /* AppDelegate.h */ = {isa = PBXFileReference; lastKnownFileType = sourcecode.c.h; path = AppDelegate.h; sourceTree = "<group>"; };
		92071D81247416D1002B0165 /* AppDelegate.m */ = {isa = PBXFileReference; lastKnownFileType = sourcecode.c.objc; path = AppDelegate.m; sourceTree = "<group>"; };
		92071D83247416D1002B0165 /* ViewController.h */ = {isa = PBXFileReference; lastKnownFileType = sourcecode.c.h; path = ViewController.h; sourceTree = "<group>"; };
		92071D84247416D1002B0165 /* ViewController.m */ = {isa = PBXFileReference; lastKnownFileType = sourcecode.c.objc; path = ViewController.m; sourceTree = "<group>"; };
		92071D87247416D1002B0165 /* PAHExample.xcdatamodel */ = {isa = PBXFileReference; lastKnownFileType = wrapper.xcdatamodel; path = PAHExample.xcdatamodel; sourceTree = "<group>"; };
		92071D89247416D2002B0165 /* Assets.xcassets */ = {isa = PBXFileReference; lastKnownFileType = folder.assetcatalog; path = Assets.xcassets; sourceTree = "<group>"; };
		92071D8C247416D2002B0165 /* Base */ = {isa = PBXFileReference; lastKnownFileType = file.storyboard; name = Base; path = Base.lproj/Main.storyboard; sourceTree = "<group>"; };
		92071D8E247416D2002B0165 /* Info.plist */ = {isa = PBXFileReference; lastKnownFileType = text.plist.xml; path = Info.plist; sourceTree = "<group>"; };
		92071D8F247416D2002B0165 /* main.m */ = {isa = PBXFileReference; lastKnownFileType = sourcecode.c.objc; path = main.m; sourceTree = "<group>"; };
		92071D91247416D2002B0165 /* PAHExample.entitlements */ = {isa = PBXFileReference; lastKnownFileType = text.plist.entitlements; path = PAHExample.entitlements; sourceTree = "<group>"; };
/* End PBXFileReference section */

/* Begin PBXFrameworksBuildPhase section */
		92071D7A247416D1002B0165 /* Frameworks */ = {
			isa = PBXFrameworksBuildPhase;
			buildActionMask = 2147483647;
			files = (
			);
			runOnlyForDeploymentPostprocessing = 0;
		};
/* End PBXFrameworksBuildPhase section */

/* Begin PBXGroup section */
		92071D74247416D0002B0165 = {
			isa = PBXGroup;
			children = (
				92071D7F247416D1002B0165 /* PAHExample */,
				92071D7E247416D1002B0165 /* Products */,
			);
			sourceTree = "<group>";
		};
		92071D7E247416D1002B0165 /* Products */ = {
			isa = PBXGroup;
			children = (
				92071D7D247416D1002B0165 /* PAHExample.app */,
			);
			name = Products;
			sourceTree = "<group>";
		};
		92071D7F247416D1002B0165 /* PAHExample */ = {
			isa = PBXGroup;
			children = (
				92071D80247416D1002B0165 /* AppDelegate.h */,
				92071D81247416D1002B0165 /* AppDelegate.m */,
				92071D83247416D1002B0165 /* ViewController.h */,
				92071D84247416D1002B0165 /* ViewController.m */,
				92071D89247416D2002B0165 /* Assets.xcassets */,
				92071D8B247416D2002B0165 /* Main.storyboard */,
				92071D8E247416D2002B0165 /* Info.plist */,
				92071D8F247416D2002B0165 /* main.m */,
				92071D91247416D2002B0165 /* PAHExample.entitlements */,
				92071D86247416D1002B0165 /* PAHExample.xcdatamodeld */,
			);
			path = PAHExample;
			sourceTree = "<group>";
		};
/* End PBXGroup section */

/* Begin PBXNativeTarget section */
		92071D7C247416D1002B0165 /* PAHExample */ = {
			isa = PBXNativeTarget;
			buildConfigurationList = 92071D94247416D2002B0165 /* Build configuration list for PBXNativeTarget "PAHExample" */;
			buildPhases = (
				92071D79247416D1002B0165 /* Sources */,
				92071D7A247416D1002B0165 /* Frameworks */,
				92071D7B247416D1002B0165 /* Resources */,
			);
			buildRules = (
			);
			dependencies = (
			);
			name = PAHExample;
			productName = PAHExample;
			productReference = 92071D7D247416D1002B0165 /* PAHExample.app */;
			productType = "com.apple.product-type.application";
		};
/* End PBXNativeTarget section */

/* Begin PBXProject section */
		92071D75247416D1002B0165 /* Project object */ = {
			isa = PBXProject;
			attributes = {
				LastUpgradeCheck = 1030;
				ORGANIZATIONNAME = "JETBRAINS s.r.o";
				TargetAttributes = {
					92071D7C247416D1002B0165 = {
						CreatedOnToolsVersion = 10.3;
					};
				};
			};
			buildConfigurationList = 92071D78247416D1002B0165 /* Build configuration list for PBXProject "PAHExample" */;
			compatibilityVersion = "Xcode 9.3";
			developmentRegion = en;
			hasScannedForEncodings = 0;
			knownRegions = (
				en,
				Base,
			);
			mainGroup = 92071D74247416D0002B0165;
			productRefGroup = 92071D7E247416D1002B0165 /* Products */;
			projectDirPath = "";
			projectRoot = "";
			targets = (
				92071D7C247416D1002B0165 /* PAHExample */,
			);
		};
/* End PBXProject section */

/* Begin PBXResourcesBuildPhase section */
		92071D7B247416D1002B0165 /* Resources */ = {
			isa = PBXResourcesBuildPhase;
			buildActionMask = 2147483647;
			files = (
				92071D8A247416D2002B0165 /* Assets.xcassets in Resources */,
				92071D8D247416D2002B0165 /* Main.storyboard in Resources */,
			);
			runOnlyForDeploymentPostprocessing = 0;
		};
/* End PBXResourcesBuildPhase section */

/* Begin PBXSourcesBuildPhase section */
		92071D79247416D1002B0165 /* Sources */ = {
			isa = PBXSourcesBuildPhase;
			buildActionMask = 2147483647;
			files = (
				92071D85247416D1002B0165 /* ViewController.m in Sources */,
				92071D88247416D1002B0165 /* PAHExample.xcdatamodeld in Sources */,
				92071D90247416D2002B0165 /* main.m in Sources */,
				92071D82247416D1002B0165 /* AppDelegate.m in Sources */,
			);
			runOnlyForDeploymentPostprocessing = 0;
		};
/* End PBXSourcesBuildPhase section */

/* Begin PBXVariantGroup section */
		92071D8B247416D2002B0165 /* Main.storyboard */ = {
			isa = PBXVariantGroup;
			children = (
				92071D8C247416D2002B0165 /* Base */,
			);
			name = Main.storyboard;
			sourceTree = "<group>";
		};
/* End PBXVariantGroup section */

/* Begin XCBuildConfiguration section */
		92071D92247416D2002B0165 /* Debug */ = {
			isa = XCBuildConfiguration;
			buildSettings = {
				ALWAYS_SEARCH_USER_PATHS = NO;
				CLANG_ANALYZER_NONNULL = YES;
				CLANG_ANALYZER_NUMBER_OBJECT_CONVERSION = YES_AGGRESSIVE;
				CLANG_CXX_LANGUAGE_STANDARD = "gnu++14";
				CLANG_CXX_LIBRARY = "libc++";
				CLANG_ENABLE_MODULES = YES;
				CLANG_ENABLE_OBJC_ARC = YES;
				CLANG_ENABLE_OBJC_WEAK = YES;
				CLANG_WARN_BLOCK_CAPTURE_AUTORELEASING = YES;
				CLANG_WARN_BOOL_CONVERSION = YES;
				CLANG_WARN_COMMA = YES;
				CLANG_WARN_CONSTANT_CONVERSION = YES;
				CLANG_WARN_DEPRECATED_OBJC_IMPLEMENTATIONS = YES;
				CLANG_WARN_DIRECT_OBJC_ISA_USAGE = YES_ERROR;
				CLANG_WARN_DOCUMENTATION_COMMENTS = YES;
				CLANG_WARN_EMPTY_BODY = YES;
				CLANG_WARN_ENUM_CONVERSION = YES;
				CLANG_WARN_INFINITE_RECURSION = YES;
				CLANG_WARN_INT_CONVERSION = YES;
				CLANG_WARN_NON_LITERAL_NULL_CONVERSION = YES;
				CLANG_WARN_OBJC_IMPLICIT_RETAIN_SELF = YES;
				CLANG_WARN_OBJC_LITERAL_CONVERSION = YES;
				CLANG_WARN_OBJC_ROOT_CLASS = YES_ERROR;
				CLANG_WARN_RANGE_LOOP_ANALYSIS = YES;
				CLANG_WARN_STRICT_PROTOTYPES = YES;
				CLANG_WARN_SUSPICIOUS_MOVE = YES;
				CLANG_WARN_UNGUARDED_AVAILABILITY = YES_AGGRESSIVE;
				CLANG_WARN_UNREACHABLE_CODE = YES;
				CLANG_WARN__DUPLICATE_METHOD_MATCH = YES;
				CODE_SIGN_IDENTITY = "-";
				COPY_PHASE_STRIP = NO;
				DEBUG_INFORMATION_FORMAT = dwarf;
				ENABLE_STRICT_OBJC_MSGSEND = YES;
				ENABLE_TESTABILITY = YES;
				GCC_C_LANGUAGE_STANDARD = gnu11;
				GCC_DYNAMIC_NO_PIC = NO;
				GCC_NO_COMMON_BLOCKS = YES;
				GCC_OPTIMIZATION_LEVEL = 0;
				GCC_PREPROCESSOR_DEFINITIONS = (
					"DEBUG=1",
					"$(inherited)",
				);
				GCC_WARN_64_TO_32_BIT_CONVERSION = YES;
				GCC_WARN_ABOUT_RETURN_TYPE = YES_ERROR;
				GCC_WARN_UNDECLARED_SELECTOR = YES;
				GCC_WARN_UNINITIALIZED_AUTOS = YES_AGGRESSIVE;
				GCC_WARN_UNUSED_FUNCTION = YES;
				GCC_WARN_UNUSED_VARIABLE = YES;
				MACOSX_DEPLOYMENT_TARGET = 10.14;
				MTL_ENABLE_DEBUG_INFO = INCLUDE_SOURCE;
				MTL_FAST_MATH = YES;
				ONLY_ACTIVE_ARCH = YES;
				SDKROOT = macosx;
			};
			name = Debug;
		};
		92071D93247416D2002B0165 /* Release */ = {
			isa = XCBuildConfiguration;
			buildSettings = {
				ALWAYS_SEARCH_USER_PATHS = NO;
				CLANG_ANALYZER_NONNULL = YES;
				CLANG_ANALYZER_NUMBER_OBJECT_CONVERSION = YES_AGGRESSIVE;
				CLANG_CXX_LANGUAGE_STANDARD = "gnu++14";
				CLANG_CXX_LIBRARY = "libc++";
				CLANG_ENABLE_MODULES = YES;
				CLANG_ENABLE_OBJC_ARC = YES;
				CLANG_ENABLE_OBJC_WEAK = YES;
				CLANG_WARN_BLOCK_CAPTURE_AUTORELEASING = YES;
				CLANG_WARN_BOOL_CONVERSION = YES;
				CLANG_WARN_COMMA = YES;
				CLANG_WARN_CONSTANT_CONVERSION = YES;
				CLANG_WARN_DEPRECATED_OBJC_IMPLEMENTATIONS = YES;
				CLANG_WARN_DIRECT_OBJC_ISA_USAGE = YES_ERROR;
				CLANG_WARN_DOCUMENTATION_COMMENTS = YES;
				CLANG_WARN_EMPTY_BODY = YES;
				CLANG_WARN_ENUM_CONVERSION = YES;
				CLANG_WARN_INFINITE_RECURSION = YES;
				CLANG_WARN_INT_CONVERSION = YES;
				CLANG_WARN_NON_LITERAL_NULL_CONVERSION = YES;
				CLANG_WARN_OBJC_IMPLICIT_RETAIN_SELF = YES;
				CLANG_WARN_OBJC_LITERAL_CONVERSION = YES;
				CLANG_WARN_OBJC_ROOT_CLASS = YES_ERROR;
				CLANG_WARN_RANGE_LOOP_ANALYSIS = YES;
				CLANG_WARN_STRICT_PROTOTYPES = YES;
				CLANG_WARN_SUSPICIOUS_MOVE = YES;
				CLANG_WARN_UNGUARDED_AVAILABILITY = YES_AGGRESSIVE;
				CLANG_WARN_UNREACHABLE_CODE = YES;
				CLANG_WARN__DUPLICATE_METHOD_MATCH = YES;
				CODE_SIGN_IDENTITY = "-";
				COPY_PHASE_STRIP = NO;
				DEBUG_INFORMATION_FORMAT = "dwarf-with-dsym";
				ENABLE_NS_ASSERTIONS = NO;
				ENABLE_STRICT_OBJC_MSGSEND = YES;
				GCC_C_LANGUAGE_STANDARD = gnu11;
				GCC_NO_COMMON_BLOCKS = YES;
				GCC_WARN_64_TO_32_BIT_CONVERSION = YES;
				GCC_WARN_ABOUT_RETURN_TYPE = YES_ERROR;
				GCC_WARN_UNDECLARED_SELECTOR = YES;
				GCC_WARN_UNINITIALIZED_AUTOS = YES_AGGRESSIVE;
				GCC_WARN_UNUSED_FUNCTION = YES;
				GCC_WARN_UNUSED_VARIABLE = YES;
				MACOSX_DEPLOYMENT_TARGET = 10.14;
				MTL_ENABLE_DEBUG_INFO = NO;
				MTL_FAST_MATH = YES;
				SDKROOT = macosx;
			};
			name = Release;
		};
		92071D95247416D2002B0165 /* Debug */ = {
			isa = XCBuildConfiguration;
			buildSettings = {
				ASSETCATALOG_COMPILER_APPICON_NAME = AppIcon;
				CODE_SIGN_ENTITLEMENTS = PAHExample/PAHExample.entitlements;
				CODE_SIGN_STYLE = Automatic;
				COMBINE_HIDPI_IMAGES = YES;
				INFOPLIST_FILE = PAHExample/Info.plist;
				LD_RUNPATH_SEARCH_PATHS = (
					"$(inherited)",
					"@executable_path/../Frameworks",
				);
				PRODUCT_BUNDLE_IDENTIFIER = JETBRAINS.PAHExample;
				PRODUCT_NAME = "$(TARGET_NAME)";
			};
			name = Debug;
		};
		92071D96247416D2002B0165 /* Release */ = {
			isa = XCBuildConfiguration;
			buildSettings = {
				ASSETCATALOG_COMPILER_APPICON_NAME = AppIcon;
				CODE_SIGN_ENTITLEMENTS = PAHExample/PAHExample.entitlements;
				CODE_SIGN_STYLE = Automatic;
				COMBINE_HIDPI_IMAGES = YES;
				INFOPLIST_FILE = PAHExample/Info.plist;
				LD_RUNPATH_SEARCH_PATHS = (
					"$(inherited)",
					"@executable_path/../Frameworks",
				);
				PRODUCT_BUNDLE_IDENTIFIER = JETBRAINS.PAHExample;
				PRODUCT_NAME = "$(TARGET_NAME)";
			};
			name = Release;
		};
/* End XCBuildConfiguration section */

/* Begin XCConfigurationList section */
		92071D78247416D1002B0165 /* Build configuration list for PBXProject "PAHExample" */ = {
			isa = XCConfigurationList;
			buildConfigurations = (
				92071D92247416D2002B0165 /* Debug */,
				92071D93247416D2002B0165 /* Release */,
			);
			defaultConfigurationIsVisible = 0;
			defaultConfigurationName = Release;
		};
		92071D94247416D2002B0165 /* Build configuration list for PBXNativeTarget "PAHExample" */ = {
			isa = XCConfigurationList;
			buildConfigurations = (
				92071D95247416D2002B0165 /* Debug */,
				92071D96247416D2002B0165 /* Release */,
			);
			defaultConfigurationIsVisible = 0;
			defaultConfigurationName = Release;
		};
/* End XCConfigurationList section */

/* Begin XCVersionGroup section */
		92071D86247416D1002B0165 /* PAHExample.xcdatamodeld */ = {
			isa = XCVersionGroup;
			children = (
				92071D87247416D1002B0165 /* PAHExample.xcdatamodel */,
			);
			currentVersion = 92071D87247416D1002B0165 /* PAHExample.xcdatamodel */;
			path = PAHExample.xcdatamodeld;
			sourceTree = "<group>";
			versionGroupType = wrapper.xcdatamodel;
		};
/* End XCVersionGroup section */
	};
	rootObject = 92071D75247416D1002B0165 /* Project object */;
}
